
Microsoft Visual Studio Solution File, Format Version 12.00
# Visual Studio 15
VisualStudioVersion = 15.0.28307.705
MinimumVisualStudioVersion = 10.0.40219.1
Project("{FAE04EC0-301F-11D3-BF4B-00C04F79EFBC}") = "UserDesign", "UserDesign.csproj", "{6FF69C0C-7E28-45A9-9384-96F5F0754E96}"
EndProject
Global
	GlobalSection(SolutionConfigurationPlatforms) = preSolution
		Debug|Any CPU = Debug|Any CPU
		Release|Any CPU = Release|Any CPU
	EndGlobalSection
	GlobalSection(ProjectConfigurationPlatforms) = postSolution
		{6FF69C0C-7E28-45A9-9384-96F5F0754E96}.Debug|Any CPU.ActiveCfg = Debug|Any CPU
		{6FF69C0C-7E28-45A9-9384-96F5F0754E96}.Debug|Any CPU.Build.0 = Debug|Any CPU
		{6FF69C0C-7E28-45A9-9384-96F5F0754E96}.Release|Any CPU.ActiveCfg = Release|Any CPU
		{6FF69C0C-7E28-45A9-9384-96F5F0754E96}.Release|Any CPU.Build.0 = Release|Any CPU
	EndGlobalSection
	GlobalSection(SolutionProperties) = preSolution
		HideSolutionNode = FALSE
	EndGlobalSection
	GlobalSection(ExtensibilityGlobals) = postSolution
		SolutionGuid = {6BE88A40-F3AC-49D9-9FAC-03FE6F6B941A}
	EndGlobalSection
EndGlobal
